
Microsoft Visual Studio Solution File, Format Version 12.00
Project("{FAE04EC0-301F-11D3-BF4B-00C04F79EFBC}") = "Key Quest", "Key Quest.csproj", "{FE02FEC7-EE7D-4E68-ACD0-9A7206E15B02}"
EndProject
Global
	GlobalSection(SolutionConfigurationPlatforms) = preSolution
		Debug|Any CPU = Debug|Any CPU
		Release|Any CPU = Release|Any CPU
	EndGlobalSection
	GlobalSection(ProjectConfigurationPlatforms) = postSolution
		{FE02FEC7-EE7D-4E68-ACD0-9A7206E15B02}.Debug|Any CPU.ActiveCfg = Debug|Any CPU
		{FE02FEC7-EE7D-4E68-ACD0-9A7206E15B02}.Debug|Any CPU.Build.0 = Debug|Any CPU
		{FE02FEC7-EE7D-4E68-ACD0-9A7206E15B02}.Release|Any CPU.ActiveCfg = Release|Any CPU
		{FE02FEC7-EE7D-4E68-ACD0-9A7206E15B02}.Release|Any CPU.Build.0 = Release|Any CPU
	EndGlobalSection
EndGlobal
